version = 1
revision = 2
requires-python = ">=3.11, <4"

[[package]]
name = "anyio"
version = "4.4.0"
source = { registry = "https://pypi.org/simple" }
dependencies = [
    { name = "idna" },
    { name = "sniffio" },
]
sdist = { url = "https://files.pythonhosted.org/packages/e6/e3/c4c8d473d6780ef1853d630d581f70d655b4f8d7553c6997958c283039a2/anyio-4.4.0.tar.gz", hash = "sha256:5aadc6a1bbb7cdb0bede386cac5e2940f5e2ff3aa20277e991cf028e0585ce94", size = 163930, upload-time = "2024-05-26T22:02:15.75Z" }
wheels = [
    { url = "https://files.pythonhosted.org/packages/7b/a2/10639a79341f6c019dedc95bd48a4928eed9f1d1197f4c04f546fc7ae0ff/anyio-4.4.0-py3-none-any.whl", hash = "sha256:c1b2d8f46a8a812513012e1107cb0e68c17159a7a594208005a57dc776e1bdc7", size = 86780, upload-time = "2024-05-26T22:02:13.671Z" },
]

[[package]]
name = "certifi"
version = "2024.2.2"
source = { registry = "https://pypi.org/simple" }
sdist = { url = "https://files.pythonhosted.org/packages/71/da/e94e26401b62acd6d91df2b52954aceb7f561743aa5ccc32152886c76c96/certifi-2024.2.2.tar.gz", hash = "sha256:0569859f95fc761b18b45ef421b1290a0f65f147e92a1e5eb3e635f9a5e4e66f", size = 164886, upload-time = "2024-02-02T01:22:17.364Z" }
wheels = [
    { url = "https://files.pythonhosted.org/packages/ba/06/a07f096c664aeb9f01624f858c3add0a4e913d6c96257acb4fce61e7de14/certifi-2024.2.2-py3-none-any.whl", hash = "sha256:dc383c07b76109f368f6106eee2b593b04a011ea4d55f652c6ca24a754d1cdd1", size = 163774, upload-time = "2024-02-02T01:22:14.86Z" },
]

[[package]]
name = "cfgv"
version = "3.4.0"
source = { registry = "https://pypi.org/simple" }
sdist = { url = "https://files.pythonhosted.org/packages/11/74/539e56497d9bd1d484fd863dd69cbbfa653cd2aa27abfe35653494d85e94/cfgv-3.4.0.tar.gz", hash = "sha256:e52591d4c5f5dead8e0f673fb16db7949d2cfb3f7da4582893288f0ded8fe560", size = 7114, upload-time = "2023-08-12T20:38:17.776Z" }
wheels = [
    { url = "https://files.pythonhosted.org/packages/c5/55/51844dd50c4fc7a33b653bfaba4c2456f06955289ca770a5dbd5fd267374/cfgv-3.4.0-py2.py3-none-any.whl", hash = "sha256:b7265b1f29fd3316bfcd2b330d63d024f2bfd8bcb8b0272f8e19a504856c48f9", size = 7249, upload-time = "2023-08-12T20:38:16.269Z" },
]

[[package]]
name = "colorama"
version = "0.4.6"
source = { registry = "https://pypi.org/simple" }
sdist = { url = "https://files.pythonhosted.org/packages/d8/53/6f443c9a4a8358a93a6792e2acffb9d9d5cb0a5cfd8802644b7b1c9a02e4/colorama-0.4.6.tar.gz", hash = "sha256:08695f5cb7ed6e0531a20572697297273c47b8cae5a63ffc6d6ed5c201be6e44", size = 27697, upload-time = "2022-10-25T02:36:22.414Z" }
wheels = [
    { url = "https://files.pythonhosted.org/packages/d1/d6/3965ed04c63042e047cb6a3e6ed1a63a35087b6a609aa3a15ed8ac56c221/colorama-0.4.6-py2.py3-none-any.whl", hash = "sha256:4f1d9991f5acc0ca119f9d443620b77f9d6b33703e51011c16baf57afb285fc6", size = 25335, upload-time = "2022-10-25T02:36:20.889Z" },
]

[[package]]
name = "distlib"
version = "0.3.8"
source = { registry = "https://pypi.org/simple" }
sdist = { url = "https://files.pythonhosted.org/packages/c4/91/e2df406fb4efacdf46871c25cde65d3c6ee5e173b7e5a4547a47bae91920/distlib-0.3.8.tar.gz", hash = "sha256:1530ea13e350031b6312d8580ddb6b27a104275a31106523b8f123787f494f64", size = 609931, upload-time = "2023-12-12T07:14:03.091Z" }
wheels = [
    { url = "https://files.pythonhosted.org/packages/8e/41/9307e4f5f9976bc8b7fea0b66367734e8faf3ec84bc0d412d8cfabbb66cd/distlib-0.3.8-py2.py3-none-any.whl", hash = "sha256:034db59a0b96f8ca18035f36290806a9a6e6bd9d1ff91e45a7f172eb17e51784", size = 468850, upload-time = "2023-12-12T07:13:59.966Z" },
]

[[package]]
name = "filelock"
version = "3.14.0"
source = { registry = "https://pypi.org/simple" }
sdist = { url = "https://files.pythonhosted.org/packages/06/ae/f8e03746f0b62018dcf1120f5ad0a1db99e55991f2cda0cf46edc8b897ea/filelock-3.14.0.tar.gz", hash = "sha256:6ea72da3be9b8c82afd3edcf99f2fffbb5076335a5ae4d03248bb5b6c3eae78a", size = 15401, upload-time = "2024-04-29T15:59:31.319Z" }
wheels = [
    { url = "https://files.pythonhosted.org/packages/41/24/0b023b6537dfc9bae2c779353998e3e99ac7dfff4222fc6126650e93c3f3/filelock-3.14.0-py3-none-any.whl", hash = "sha256:43339835842f110ca7ae60f1e1c160714c5a6afd15a2873419ab185334975c0f", size = 12001, upload-time = "2024-04-29T15:59:29.514Z" },
]

[[package]]
name = "greenlet"
version = "3.0.3"
source = { registry = "https://pypi.org/simple" }
sdist = { url = "https://files.pythonhosted.org/packages/17/14/3bddb1298b9a6786539ac609ba4b7c9c0842e12aa73aaa4d8d73ec8f8185/greenlet-3.0.3.tar.gz", hash = "sha256:43374442353259554ce33599da8b692d5aa96f8976d567d4badf263371fbe491", size = 182013, upload-time = "2023-12-21T22:02:54.659Z" }
wheels = [
    { url = "https://files.pythonhosted.org/packages/6e/20/68a278a6f93fa36e21cfc3d7599399a8a831225644eb3b6b18755cd3d6fc/greenlet-3.0.3-cp311-cp311-macosx_11_0_universal2.whl", hash = "sha256:b1b5667cced97081bf57b8fa1d6bfca67814b0afd38208d52538316e9422fc61", size = 271666, upload-time = "2023-12-21T22:02:20.66Z" },
    { url = "https://files.pythonhosted.org/packages/21/b4/90e06e07c78513ab03855768200bdb35c8e764e805b3f14fb488e56f82dc/greenlet-3.0.3-cp311-cp311-manylinux_2_17_aarch64.manylinux2014_aarch64.whl", hash = "sha256:52f59dd9c96ad2fc0d5724107444f76eb20aaccb675bf825df6435acb7703559", size = 657689, upload-time = "2023-12-21T22:29:26.823Z" },
    { url = "https://files.pythonhosted.org/packages/f6/a2/0ed21078039072f9dc738bbf3af12b103a84106b1385ac4723841f846ce7/greenlet-3.0.3-cp311-cp311-manylinux_2_17_ppc64le.manylinux2014_ppc64le.whl", hash = "sha256:afaff6cf5200befd5cec055b07d1c0a5a06c040fe5ad148abcd11ba6ab9b114e", size = 673009, upload-time = "2023-12-21T22:26:21.802Z" },
    { url = "https://files.pythonhosted.org/packages/42/11/42ad6b1104c357826bbee7d7b9e4f24dbd9fde94899a03efb004aab62963/greenlet-3.0.3-cp311-cp311-manylinux_2_17_s390x.manylinux2014_s390x.whl", hash = "sha256:fe754d231288e1e64323cfad462fcee8f0288654c10bdf4f603a39ed923bef33", size = 667432, upload-time = "2023-12-21T22:31:34.29Z" },
    { url = "https://files.pythonhosted.org/packages/bb/6b/384dee7e0121cbd1757bdc1824a5ee28e43d8d4e3f99aa59521f629442fe/greenlet-3.0.3-cp311-cp311-manylinux_2_17_x86_64.manylinux2014_x86_64.whl", hash = "sha256:2797aa5aedac23af156bbb5a6aa2cd3427ada2972c828244eb7d1b9255846379", size = 667442, upload-time = "2023-12-21T22:03:13.273Z" },
    { url = "https://files.pythonhosted.org/packages/c6/1f/12d5a6cc26e8b483c2e7975f9c22e088ac735c0d8dcb8a8f72d31a4e5f04/greenlet-3.0.3-cp311-cp311-manylinux_2_24_x86_64.manylinux_2_28_x86_64.whl", hash = "sha256:b7f009caad047246ed379e1c4dbcb8b020f0a390667ea74d2387be2998f58a22", size = 620032, upload-time = "2023-12-21T22:03:04.267Z" },
    { url = "https://files.pythonhosted.org/packages/c7/ec/85b647e59e0f137c7792a809156f413e38379cf7f3f2e1353c37f4be4026/greenlet-3.0.3-cp311-cp311-musllinux_1_1_aarch64.whl", hash = "sha256:c5e1536de2aad7bf62e27baf79225d0d64360d4168cf2e6becb91baf1ed074f3", size = 1154218, upload-time = "2023-12-21T22:30:57.945Z" },
    { url = "https://files.pythonhosted.org/packages/94/ed/1e5f4bca691a81700e5a88e86d6f0e538acb10188cd2cc17140e523255ef/greenlet-3.0.3-cp311-cp311-musllinux_1_1_x86_64.whl", hash = "sha256:894393ce10ceac937e56ec00bb71c4c2f8209ad516e96033e4b3b1de270e200d", size = 1180754, upload-time = "2023-12-21T22:04:18.344Z" },
    { url = "https://files.pythonhosted.org/packages/47/79/26d54d7d700ef65b689fc2665a40846d13e834da0486674a8d4f0f371a47/greenlet-3.0.3-cp311-cp311-win_amd64.whl", hash = "sha256:1ea188d4f49089fc6fb283845ab18a2518d279c7cd9da1065d7a84e991748728", size = 292822, upload-time = "2023-12-21T22:29:32.85Z" },
    { url = "https://files.pythonhosted.org/packages/a2/2f/461615adc53ba81e99471303b15ac6b2a6daa8d2a0f7f77fd15605e16d5b/greenlet-3.0.3-cp312-cp312-macosx_11_0_universal2.whl", hash = "sha256:70fb482fdf2c707765ab5f0b6655e9cfcf3780d8d87355a063547b41177599be", size = 273085, upload-time = "2023-12-21T22:03:01.176Z" },
    { url = "https://files.pythonhosted.org/packages/e9/55/2c3cfa3cdbb940cf7321fbcf544f0e9c74898eed43bf678abf416812d132/greenlet-3.0.3-cp312-cp312-manylinux_2_17_aarch64.manylinux2014_aarch64.whl", hash = "sha256:d4d1ac74f5c0c0524e4a24335350edad7e5f03b9532da7ea4d3c54d527784f2e", size = 660514, upload-time = "2023-12-21T22:29:28.62Z" },
    { url = "https://files.pythonhosted.org/packages/38/77/efb21ab402651896c74f24a172eb4d7479f9f53898bd5e56b9e20bb24ffd/greenlet-3.0.3-cp312-cp312-manylinux_2_17_ppc64le.manylinux2014_ppc64le.whl", hash = "sha256:149e94a2dd82d19838fe4b2259f1b6b9957d5ba1b25640d2380bea9c5df37676", size = 674295, upload-time = "2023-12-21T22:26:24.101Z" },
    { url = "https://files.pythonhosted.org/packages/74/3a/92f188ace0190f0066dca3636cf1b09481d0854c46e92ec5e29c7cefe5b1/greenlet-3.0.3-cp312-cp312-manylinux_2_17_s390x.manylinux2014_s390x.whl", hash = "sha256:15d79dd26056573940fcb8c7413d84118086f2ec1a8acdfa854631084393efcc", size = 669395, upload-time = "2023-12-21T22:31:35.992Z" },
    { url = "https://files.pythonhosted.org/packages/63/0f/847ed02cdfce10f0e6e3425cd054296bddb11a17ef1b34681fa01a055187/greenlet-3.0.3-cp312-cp312-manylinux_2_17_x86_64.manylinux2014_x86_64.whl", hash = "sha256:881b7db1ebff4ba09aaaeae6aa491daeb226c8150fc20e836ad00041bcb11230", size = 670455, upload-time = "2023-12-21T22:03:16.291Z" },
    { url = "https://files.pythonhosted.org/packages/bd/37/56b0da468a85e7704f3b2bc045015301bdf4be2184a44868c71f6dca6fe2/greenlet-3.0.3-cp312-cp312-manylinux_2_24_x86_64.manylinux_2_28_x86_64.whl", hash = "sha256:fcd2469d6a2cf298f198f0487e0a5b1a47a42ca0fa4dfd1b6862c999f018ebbf", size = 625692, upload-time = "2023-12-21T22:03:06.294Z" },
    { url = "https://files.pythonhosted.org/packages/7c/68/b5f4084c0a252d7e9c0d95fc1cfc845d08622037adb74e05be3a49831186/greenlet-3.0.3-cp312-cp312-musllinux_1_1_aarch64.whl", hash = "sha256:1f672519db1796ca0d8753f9e78ec02355e862d0998193038c7073045899f305", size = 1152597, upload-time = "2023-12-21T22:31:00.412Z" },
    { url = "https://files.pythonhosted.org/packages/a4/fa/31e22345518adcd69d1d6ab5087a12c178aa7f3c51103f6d5d702199d243/greenlet-3.0.3-cp312-cp312-musllinux_1_1_x86_64.whl", hash = "sha256:2516a9957eed41dd8f1ec0c604f1cdc86758b587d964668b5b196a9db5bfcde6", size = 1181043, upload-time = "2023-12-21T22:04:20.032Z" },
    { url = "https://files.pythonhosted.org/packages/53/80/3d94d5999b4179d91bcc93745d1b0815b073d61be79dd546b840d17adb18/greenlet-3.0.3-cp312-cp312-win_amd64.whl", hash = "sha256:bba5387a6975598857d86de9eac14210a49d554a77eb8261cc68b7d082f78ce2", size = 293635, upload-time = "2023-12-21T22:26:01.555Z" },
]

[[package]]
name = "h11"
version = "0.14.0"
source = { registry = "https://pypi.org/simple" }
sdist = { url = "https://files.pythonhosted.org/packages/f5/38/3af3d3633a34a3316095b39c8e8fb4853a28a536e55d347bd8d8e9a14b03/h11-0.14.0.tar.gz", hash = "sha256:8f19fbbe99e72420ff35c00b27a34cb9937e902a8b810e2c88300c6f0a3b699d", size = 100418, upload-time = "2022-09-25T15:40:01.519Z" }
wheels = [
    { url = "https://files.pythonhosted.org/packages/95/04/ff642e65ad6b90db43e668d70ffb6736436c7ce41fcc549f4e9472234127/h11-0.14.0-py3-none-any.whl", hash = "sha256:e3fe4ac4b851c468cc8363d500db52c2ead036020723024a109d37346efaa761", size = 58259, upload-time = "2022-09-25T15:39:59.68Z" },
]

[[package]]
name = "httpcore"
version = "1.0.5"
source = { registry = "https://pypi.org/simple" }
dependencies = [
    { name = "certifi" },
    { name = "h11" },
]
sdist = { url = "https://files.pythonhosted.org/packages/17/b0/5e8b8674f8d203335a62fdfcfa0d11ebe09e23613c3391033cbba35f7926/httpcore-1.0.5.tar.gz", hash = "sha256:34a38e2f9291467ee3b44e89dd52615370e152954ba21721378a87b2960f7a61", size = 83234, upload-time = "2024-03-27T18:29:07.397Z" }
wheels = [
    { url = "https://files.pythonhosted.org/packages/78/d4/e5d7e4f2174f8a4d63c8897d79eb8fe2503f7ecc03282fee1fa2719c2704/httpcore-1.0.5-py3-none-any.whl", hash = "sha256:421f18bac248b25d310f3cacd198d55b8e6125c107797b609ff9b7a6ba7991b5", size = 77926, upload-time = "2024-03-27T18:29:04.098Z" },
]

[[package]]
name = "httpx"
version = "0.27.0"
source = { registry = "https://pypi.org/simple" }
dependencies = [
    { name = "anyio" },
    { name = "certifi" },
    { name = "httpcore" },
    { name = "idna" },
    { name = "sniffio" },
]
sdist = { url = "https://files.pythonhosted.org/packages/5c/2d/3da5bdf4408b8b2800061c339f240c1802f2e82d55e50bd39c5a881f47f0/httpx-0.27.0.tar.gz", hash = "sha256:a0cb88a46f32dc874e04ee956e4c2764aba2aa228f650b06788ba6bda2962ab5", size = 126413, upload-time = "2024-02-21T13:07:52.434Z" }
wheels = [
    { url = "https://files.pythonhosted.org/packages/41/7b/ddacf6dcebb42466abd03f368782142baa82e08fc0c1f8eaa05b4bae87d5/httpx-0.27.0-py3-none-any.whl", hash = "sha256:71d5465162c13681bff01ad59b2cc68dd838ea1f10e51574bac27103f00c91a5", size = 75590, upload-time = "2024-02-21T13:07:50.455Z" },
]

[[package]]
name = "identify"
version = "2.5.36"
source = { registry = "https://pypi.org/simple" }
sdist = { url = "https://files.pythonhosted.org/packages/aa/9a/83775a4e09de8b9d774a2217bfe03038c488778e58561e6970daa39b4801/identify-2.5.36.tar.gz", hash = "sha256:e5e00f54165f9047fbebeb4a560f9acfb8af4c88232be60a488e9b68d122745d", size = 99049, upload-time = "2024-04-20T18:02:45.459Z" }
wheels = [
    { url = "https://files.pythonhosted.org/packages/f7/d3/d31b7fe744a3b2e6c51ea04af6575d1583deb09eb33cecfc99fa7644a725/identify-2.5.36-py2.py3-none-any.whl", hash = "sha256:37d93f380f4de590500d9dba7db359d0d3da95ffe7f9de1753faa159e71e7dfa", size = 98970, upload-time = "2024-04-20T18:02:42.508Z" },
]

[[package]]
name = "idna"
version = "3.7"
source = { registry = "https://pypi.org/simple" }
sdist = { url = "https://files.pythonhosted.org/packages/21/ed/f86a79a07470cb07819390452f178b3bef1d375f2ec021ecfc709fc7cf07/idna-3.7.tar.gz", hash = "sha256:028ff3aadf0609c1fd278d8ea3089299412a7a8b9bd005dd08b9f8285bcb5cfc", size = 189575, upload-time = "2024-04-11T03:34:43.276Z" }
wheels = [
    { url = "https://files.pythonhosted.org/packages/e5/3e/741d8c82801c347547f8a2a06aa57dbb1992be9e948df2ea0eda2c8b79e8/idna-3.7-py3-none-any.whl", hash = "sha256:82fee1fc78add43492d3a1898bfa6d8a904cc97d8427f683ed8e798d07761aa0", size = 66836, upload-time = "2024-04-11T03:34:41.447Z" },
]

[[package]]
name = "iniconfig"
version = "2.0.0"
source = { registry = "https://pypi.org/simple" }
sdist = { url = "https://files.pythonhosted.org/packages/d7/4b/cbd8e699e64a6f16ca3a8220661b5f83792b3017d0f79807cb8708d33913/iniconfig-2.0.0.tar.gz", hash = "sha256:2d91e135bf72d31a410b17c16da610a82cb55f6b0477d1a902134b24a455b8b3", size = 4646, upload-time = "2023-01-07T11:08:11.254Z" }
wheels = [
    { url = "https://files.pythonhosted.org/packages/ef/a6/62565a6e1cf69e10f5727360368e451d4b7f58beeac6173dc9db836a5b46/iniconfig-2.0.0-py3-none-any.whl", hash = "sha256:b6a85871a79d2e3b22d2d1b94ac2824226a63c6b741c88f7ae975f18b6778374", size = 5892, upload-time = "2023-01-07T11:08:09.864Z" },
]

[[package]]
name = "loguru"
version = "0.7.2"
source = { registry = "https://pypi.org/simple" }
dependencies = [
    { name = "colorama", marker = "sys_platform == 'win32'" },
    { name = "win32-setctime", marker = "sys_platform == 'win32'" },
]
sdist = { url = "https://files.pythonhosted.org/packages/9e/30/d87a423766b24db416a46e9335b9602b054a72b96a88a241f2b09b560fa8/loguru-0.7.2.tar.gz", hash = "sha256:e671a53522515f34fd406340ee968cb9ecafbc4b36c679da03c18fd8d0bd51ac", size = 145103, upload-time = "2023-09-11T15:24:37.926Z" }
wheels = [
    { url = "https://files.pythonhosted.org/packages/03/0a/4f6fed21aa246c6b49b561ca55facacc2a44b87d65b8b92362a8e99ba202/loguru-0.7.2-py3-none-any.whl", hash = "sha256:003d71e3d3ed35f0f8984898359d65b79e5b21943f78af86aa5491210429b8eb", size = 62549, upload-time = "2023-09-11T15:24:35.016Z" },
]

[[package]]
name = "mtgcdb"
version = "0.1.7"
source = { editable = "." }
dependencies = [
    { name = "httpx" },
    { name = "loguru" },
    { name = "sqlalchemy" },
]

[package.dev-dependencies]
dev = [
    { name = "pre-commit" },
    { name = "pytest" },
    { name = "pytest-dependency" },
    { name = "ruff" },
]

[package.metadata]
requires-dist = [
    { name = "httpx", specifier = ">=0.27.0,<0.28" },
    { name = "loguru", specifier = ">=0.7.2,<0.8" },
    { name = "sqlalchemy", specifier = ">=2.0.30,<3" },
]

[package.metadata.requires-dev]
dev = [
    { name = "pre-commit", specifier = ">=3.7.1,<4" },
    { name = "pytest", specifier = ">=8.2.1,<9" },
    { name = "pytest-dependency", specifier = ">=0.6.0,<0.7" },
    { name = "ruff", specifier = ">=0.4.6,<0.5" },
]

[[package]]
name = "nodeenv"
version = "1.9.0"
source = { registry = "https://pypi.org/simple" }
sdist = { url = "https://files.pythonhosted.org/packages/4a/27/3e8c0421bc847e21346b859a0ae87c5058fe76022684d0c01cd4f14f91fa/nodeenv-1.9.0.tar.gz", hash = "sha256:07f144e90dae547bf0d4ee8da0ee42664a42a04e02ed68e06324348dafe4bdb1", size = 47339, upload-time = "2024-05-28T22:12:34.359Z" }
wheels = [
    { url = "https://files.pythonhosted.org/packages/01/5b/fdfa5cfada69cb7dcad13d48dda8bd1bc7fca53358789445e2379ba75c88/nodeenv-1.9.0-py2.py3-none-any.whl", hash = "sha256:508ecec98f9f3330b636d4448c0f1a56fc68017c68f1e7857ebc52acf0eb879a", size = 22250, upload-time = "2024-05-28T22:12:31.574Z" },
]

[[package]]
name = "packaging"
version = "24.0"
source = { registry = "https://pypi.org/simple" }
sdist = { url = "https://files.pythonhosted.org/packages/ee/b5/b43a27ac7472e1818c4bafd44430e69605baefe1f34440593e0332ec8b4d/packaging-24.0.tar.gz", hash = "sha256:eb82c5e3e56209074766e6885bb04b8c38a0c015d0a30036ebe7ece34c9989e9", size = 147882, upload-time = "2024-03-10T09:39:28.33Z" }
wheels = [
    { url = "https://files.pythonhosted.org/packages/49/df/1fceb2f8900f8639e278b056416d49134fb8d84c5942ffaa01ad34782422/packaging-24.0-py3-none-any.whl", hash = "sha256:2ddfb553fdf02fb784c234c7ba6ccc288296ceabec964ad2eae3777778130bc5", size = 53488, upload-time = "2024-03-10T09:39:25.947Z" },
]

[[package]]
name = "platformdirs"
version = "4.2.2"
source = { registry = "https://pypi.org/simple" }
sdist = { url = "https://files.pythonhosted.org/packages/f5/52/0763d1d976d5c262df53ddda8d8d4719eedf9594d046f117c25a27261a19/platformdirs-4.2.2.tar.gz", hash = "sha256:38b7b51f512eed9e84a22788b4bce1de17c0adb134d6becb09836e37d8654cd3", size = 20916, upload-time = "2024-05-15T03:18:23.372Z" }
wheels = [
    { url = "https://files.pythonhosted.org/packages/68/13/2aa1f0e1364feb2c9ef45302f387ac0bd81484e9c9a4c5688a322fbdfd08/platformdirs-4.2.2-py3-none-any.whl", hash = "sha256:2d7a1657e36a80ea911db832a8a6ece5ee53d8de21edd5cc5879af6530b1bfee", size = 18146, upload-time = "2024-05-15T03:18:21.209Z" },
]

[[package]]
name = "pluggy"
version = "1.5.0"
source = { registry = "https://pypi.org/simple" }
sdist = { url = "https://files.pythonhosted.org/packages/96/2d/02d4312c973c6050a18b314a5ad0b3210edb65a906f868e31c111dede4a6/pluggy-1.5.0.tar.gz", hash = "sha256:2cffa88e94fdc978c4c574f15f9e59b7f4201d439195c3715ca9e2486f1d0cf1", size = 67955, upload-time = "2024-04-20T21:34:42.531Z" }
wheels = [
    { url = "https://files.pythonhosted.org/packages/88/5f/e351af9a41f866ac3f1fac4ca0613908d9a41741cfcf2228f4ad853b697d/pluggy-1.5.0-py3-none-any.whl", hash = "sha256:44e1ad92c8ca002de6377e165f3e0f1be63266ab4d554740532335b9d75ea669", size = 20556, upload-time = "2024-04-20T21:34:40.434Z" },
]

[[package]]
name = "pre-commit"
version = "3.7.1"
source = { registry = "https://pypi.org/simple" }
dependencies = [
    { name = "cfgv" },
    { name = "identify" },
    { name = "nodeenv" },
    { name = "pyyaml" },
    { name = "virtualenv" },
]
sdist = { url = "https://files.pythonhosted.org/packages/aa/46/cc214ef6514270328910083d0119d0a80a6d2c4ec8c6608c0219db0b74cf/pre_commit-3.7.1.tar.gz", hash = "sha256:8ca3ad567bc78a4972a3f1a477e94a79d4597e8140a6e0b651c5e33899c3654a", size = 177317, upload-time = "2024-05-11T01:25:19.473Z" }
wheels = [
    { url = "https://files.pythonhosted.org/packages/b9/0f/d6d0b4e2f5b2933a557087fc0560371aa545a18232d4d3427eb3bb3af12e/pre_commit-3.7.1-py2.py3-none-any.whl", hash = "sha256:fae36fd1d7ad7d6a5a1c0b0d5adb2ed1a3bda5a21bf6c3e5372073d7a11cd4c5", size = 204268, upload-time = "2024-05-11T01:25:16.845Z" },
]

[[package]]
name = "pytest"
version = "8.2.1"
source = { registry = "https://pypi.org/simple" }
dependencies = [
    { name = "colorama", marker = "sys_platform == 'win32'" },
    { name = "iniconfig" },
    { name = "packaging" },
    { name = "pluggy" },
]
sdist = { url = "https://files.pythonhosted.org/packages/cf/4e/0ceea141f0e5d09de4053c5338c62615ae2bd9bd3f013813f5ec62e3cf97/pytest-8.2.1.tar.gz", hash = "sha256:5046e5b46d8e4cac199c373041f26be56fdb81eb4e67dc11d4e10811fc3408fd", size = 1424649, upload-time = "2024-05-19T19:08:03.507Z" }
wheels = [
    { url = "https://files.pythonhosted.org/packages/b4/c1/27a1274b73712232328cb5115030057b7dec377f36a518c83f2e01d4f305/pytest-8.2.1-py3-none-any.whl", hash = "sha256:faccc5d332b8c3719f40283d0d44aa5cf101cec36f88cde9ed8f2bc0538612b1", size = 339593, upload-time = "2024-05-19T19:07:58.066Z" },
]

[[package]]
name = "pytest-dependency"
version = "0.6.0"
source = { registry = "https://pypi.org/simple" }
dependencies = [
    { name = "pytest" },
    { name = "setuptools" },
]
sdist = { url = "https://files.pythonhosted.org/packages/7e/3b/317cc04e77d707d338540ca67b619df8f247f3f4c9f40e67bf5ea503ad94/pytest-dependency-0.6.0.tar.gz", hash = "sha256:934b0e6a39d95995062c193f7eaeed8a8ffa06ff1bcef4b62b0dc74a708bacc1", size = 19499, upload-time = "2023-12-31T20:38:54.991Z" }

[[package]]
name = "pyyaml"
version = "6.0.1"
source = { registry = "https://pypi.org/simple" }
sdist = { url = "https://files.pythonhosted.org/packages/cd/e5/af35f7ea75cf72f2cd079c95ee16797de7cd71f29ea7c68ae5ce7be1eda0/PyYAML-6.0.1.tar.gz", hash = "sha256:bfdf460b1736c775f2ba9f6a92bca30bc2095067b8a9d77876d1fad6cc3b4a43", size = 125201, upload-time = "2023-07-18T00:00:23.308Z" }
wheels = [
    { url = "https://files.pythonhosted.org/packages/ec/0d/26fb23e8863e0aeaac0c64e03fd27367ad2ae3f3cccf3798ee98ce160368/PyYAML-6.0.1-cp311-cp311-macosx_10_9_x86_64.whl", hash = "sha256:6965a7bc3cf88e5a1c3bd2e0b5c22f8d677dc88a455344035f03399034eb3007", size = 187867, upload-time = "2023-07-17T23:57:34.35Z" },
    { url = "https://files.pythonhosted.org/packages/28/09/55f715ddbf95a054b764b547f617e22f1d5e45d83905660e9a088078fe67/PyYAML-6.0.1-cp311-cp311-macosx_11_0_arm64.whl", hash = "sha256:f003ed9ad21d6a4713f0a9b5a7a0a79e08dd0f221aff4525a2be4c346ee60aab", size = 167530, upload-time = "2023-07-17T23:57:36.975Z" },
    { url = "https://files.pythonhosted.org/packages/5e/94/7d5ee059dfb92ca9e62f4057dcdec9ac08a9e42679644854dc01177f8145/PyYAML-6.0.1-cp311-cp311-manylinux_2_17_aarch64.manylinux2014_aarch64.whl", hash = "sha256:42f8152b8dbc4fe7d96729ec2b99c7097d656dc1213a3229ca5383f973a5ed6d", size = 732244, upload-time = "2023-07-17T23:57:43.774Z" },
    { url = "https://files.pythonhosted.org/packages/06/92/e0224aa6ebf9dc54a06a4609da37da40bb08d126f5535d81bff6b417b2ae/PyYAML-6.0.1-cp311-cp311-manylinux_2_17_s390x.manylinux2014_s390x.whl", hash = "sha256:062582fca9fabdd2c8b54a3ef1c978d786e0f6b3a1510e0ac93ef59e0ddae2bc", size = 752871, upload-time = "2023-07-17T23:57:51.921Z" },
    { url = "https://files.pythonhosted.org/packages/7b/5e/efd033ab7199a0b2044dab3b9f7a4f6670e6a52c089de572e928d2873b06/PyYAML-6.0.1-cp311-cp311-manylinux_2_17_x86_64.manylinux2014_x86_64.whl", hash = "sha256:d2b04aac4d386b172d5b9692e2d2da8de7bfb6c387fa4f801fbf6fb2e6ba4673", size = 757729, upload-time = "2023-07-17T23:57:59.865Z" },
    { url = "https://files.pythonhosted.org/packages/03/5c/c4671451b2f1d76ebe352c0945d4cd13500adb5d05f5a51ee296d80152f7/PyYAML-6.0.1-cp311-cp311-musllinux_1_1_x86_64.whl", hash = "sha256:e7d73685e87afe9f3b36c799222440d6cf362062f78be1013661b00c5c6f678b", size = 748528, upload-time = "2023-08-28T18:43:23.207Z" },
    { url = "https://files.pythonhosted.org/packages/73/9c/766e78d1efc0d1fca637a6b62cea1b4510a7fb93617eb805223294fef681/PyYAML-6.0.1-cp311-cp311-win32.whl", hash = "sha256:1635fd110e8d85d55237ab316b5b011de701ea0f29d07611174a1b42f1444741", size = 130286, upload-time = "2023-07-17T23:58:02.964Z" },
    { url = "https://files.pythonhosted.org/packages/b3/34/65bb4b2d7908044963ebf614fe0fdb080773fc7030d7e39c8d3eddcd4257/PyYAML-6.0.1-cp311-cp311-win_amd64.whl", hash = "sha256:bf07ee2fef7014951eeb99f56f39c9bb4af143d8aa3c21b1677805985307da34", size = 144699, upload-time = "2023-07-17T23:58:05.586Z" },
    { url = "https://files.pythonhosted.org/packages/bc/06/1b305bf6aa704343be85444c9d011f626c763abb40c0edc1cad13bfd7f86/PyYAML-6.0.1-cp312-cp312-macosx_10_9_x86_64.whl", hash = "sha256:855fb52b0dc35af121542a76b9a84f8d1cd886ea97c84703eaa6d88e37a2ad28", size = 178692, upload-time = "2023-08-28T18:43:24.924Z" },
    { url = "https://files.pythonhosted.org/packages/84/02/404de95ced348b73dd84f70e15a41843d817ff8c1744516bf78358f2ffd2/PyYAML-6.0.1-cp312-cp312-macosx_11_0_arm64.whl", hash = "sha256:40df9b996c2b73138957fe23a16a4f0ba614f4c0efce1e9406a184b6d07fa3a9", size = 165622, upload-time = "2023-08-28T18:43:26.54Z" },
    { url = "https://files.pythonhosted.org/packages/c7/4c/4a2908632fc980da6d918b9de9c1d9d7d7e70b2672b1ad5166ed27841ef7/PyYAML-6.0.1-cp312-cp312-manylinux_2_17_aarch64.manylinux2014_aarch64.whl", hash = "sha256:a08c6f0fe150303c1c6b71ebcd7213c2858041a7e01975da3a99aed1e7a378ef", size = 696937, upload-time = "2024-01-18T20:40:22.92Z" },
    { url = "https://files.pythonhosted.org/packages/b4/33/720548182ffa8344418126017aa1d4ab4aeec9a2275f04ce3f3573d8ace8/PyYAML-6.0.1-cp312-cp312-manylinux_2_17_x86_64.manylinux2014_x86_64.whl", hash = "sha256:6c22bec3fbe2524cde73d7ada88f6566758a8f7227bfbf93a408a9d86bcc12a0", size = 724969, upload-time = "2023-08-28T18:43:28.56Z" },
    { url = "https://files.pythonhosted.org/packages/4f/78/77b40157b6cb5f2d3d31a3d9b2efd1ba3505371f76730d267e8b32cf4b7f/PyYAML-6.0.1-cp312-cp312-musllinux_1_1_x86_64.whl", hash = "sha256:8d4e9c88387b0f5c7d5f281e55304de64cf7f9c0021a3525bd3b1c542da3b0e4", size = 712604, upload-time = "2023-08-28T18:43:30.206Z" },
    { url = "https://files.pythonhosted.org/packages/2e/97/3e0e089ee85e840f4b15bfa00e4e63d84a3691ababbfea92d6f820ea6f21/PyYAML-6.0.1-cp312-cp312-win32.whl", hash = "sha256:d483d2cdf104e7c9fa60c544d92981f12ad66a457afae824d146093b8c294c54", size = 126098, upload-time = "2023-08-28T18:43:31.835Z" },
    { url = "https://files.pythonhosted.org/packages/2b/9f/fbade56564ad486809c27b322d0f7e6a89c01f6b4fe208402e90d4443a99/PyYAML-6.0.1-cp312-cp312-win_amd64.whl", hash = "sha256:0d3304d8c0adc42be59c5f8a4d9e3d7379e6955ad754aa9d6ab7a398b59dd1df", size = 138675, upload-time = "2023-08-28T18:43:33.613Z" },
]

[[package]]
name = "ruff"
version = "0.4.6"
source = { registry = "https://pypi.org/simple" }
sdist = { url = "https://files.pythonhosted.org/packages/06/2e/b5f4d524a195ae601d7b997b69049e099ed163fc68bafe946a81e8eba495/ruff-0.4.6.tar.gz", hash = "sha256:a797a87da50603f71e6d0765282098245aca6e3b94b7c17473115167d8dfb0b7", size = 2543538, upload-time = "2024-05-28T19:22:18.417Z" }
wheels = [
    { url = "https://files.pythonhosted.org/packages/7b/ad/7bb3a2677af495082d73ac680e24b608ef2c58b3194797dde7e3b1a6c14b/ruff-0.4.6-py3-none-macosx_10_12_x86_64.whl", hash = "sha256:ef995583a038cd4a7edf1422c9e19118e2511b8ba0b015861b4abd26ec5367c5", size = 8555633, upload-time = "2024-05-28T19:21:16.331Z" },
    { url = "https://files.pythonhosted.org/packages/95/d9/0e40137485dd8373c64fe128cf306f7acc9b2416aa78666b1d6f39698cbe/ruff-0.4.6-py3-none-macosx_11_0_arm64.whl", hash = "sha256:602ebd7ad909eab6e7da65d3c091547781bb06f5f826974a53dbe563d357e53c", size = 8178891, upload-time = "2024-05-28T19:21:22.724Z" },
    { url = "https://files.pythonhosted.org/packages/7a/1c/13212e6bcd653014ff595401269275a2747fb06533513f98e2204e40b1f2/ruff-0.4.6-py3-none-manylinux_2_17_aarch64.manylinux2014_aarch64.whl", hash = "sha256:3f9ced5cbb7510fd7525448eeb204e0a22cabb6e99a3cb160272262817d49786", size = 8208167, upload-time = "2024-05-28T19:21:25.909Z" },
    { url = "https://files.pythonhosted.org/packages/7a/c8/3d64608cb81628a6ea9a436007d59d05c4064534fca005044b55a9b347c1/ruff-0.4.6-py3-none-manylinux_2_17_armv7l.manylinux2014_armv7l.whl", hash = "sha256:04a80acfc862e0e1630c8b738e70dcca03f350bad9e106968a8108379e12b31f", size = 7569109, upload-time = "2024-05-28T19:21:29.37Z" },
    { url = "https://files.pythonhosted.org/packages/2c/0f/41209812dff74ff86ce07fc6ab2afe8b8aca5114a8bd6f438f1af69334d1/ruff-0.4.6-py3-none-manylinux_2_17_i686.manylinux2014_i686.whl", hash = "sha256:be47700ecb004dfa3fd4dcdddf7322d4e632de3c06cd05329d69c45c0280e618", size = 8766604, upload-time = "2024-05-28T19:21:32.358Z" },
    { url = "https://files.pythonhosted.org/packages/1e/ab/6ce04a2d48b8305c95e1ad3bbfd48f9e5fa47cc684e6aa46475b56fece7b/ruff-0.4.6-py3-none-manylinux_2_17_ppc64.manylinux2014_ppc64.whl", hash = "sha256:1ff930d6e05f444090a0139e4e13e1e2e1f02bd51bb4547734823c760c621e79", size = 9468038, upload-time = "2024-05-28T19:21:36.676Z" },
    { url = "https://files.pythonhosted.org/packages/e0/64/e410178b309d56e093c1ae63873ba8fc6acf619f4f128c429eb3112a4cff/ruff-0.4.6-py3-none-manylinux_2_17_ppc64le.manylinux2014_ppc64le.whl", hash = "sha256:f13410aabd3b5776f9c5699f42b37a3a348d65498c4310589bc6e5c548dc8a2f", size = 9076828, upload-time = "2024-05-28T19:21:41.181Z" },
    { url = "https://files.pythonhosted.org/packages/14/82/cb8c94bb86a851075cbdda520d584a04bde54ae969d04cbb61b01565da79/ruff-0.4.6-py3-none-manylinux_2_17_s390x.manylinux2014_s390x.whl", hash = "sha256:0cf5cc02d3ae52dfb0c8a946eb7a1d6ffe4d91846ffc8ce388baa8f627e3bd50", size = 10195323, upload-time = "2024-05-28T19:21:44.691Z" },
    { url = "https://files.pythonhosted.org/packages/83/64/9d0310fd5bf34b6e0a171ae7cf5f44be8436d73922f5884ae3c1fad12e62/ruff-0.4.6-py3-none-manylinux_2_17_x86_64.manylinux2014_x86_64.whl", hash = "sha256:ea3424793c29906407e3cf417f28fc33f689dacbbadfb52b7e9a809dd535dcef", size = 8792389, upload-time = "2024-05-28T19:21:48.327Z" },
    { url = "https://files.pythonhosted.org/packages/b6/8f/d7c0373a0a8312c4eb5909d9d686b60fb2536ee845ccb5c1b88a417e038d/ruff-0.4.6-py3-none-musllinux_1_2_aarch64.whl", hash = "sha256:1fa8561489fadf483ffbb091ea94b9c39a00ed63efacd426aae2f197a45e67fc", size = 8113742, upload-time = "2024-05-28T19:21:51.5Z" },
    { url = "https://files.pythonhosted.org/packages/b5/ac/505145ebcece4e9af46afa18be1617a90d1a3736de2a9a28c342e911631f/ruff-0.4.6-py3-none-musllinux_1_2_armv7l.whl", hash = "sha256:4d5b914818d8047270308fe3e85d9d7f4a31ec86c6475c9f418fbd1624d198e0", size = 7552826, upload-time = "2024-05-28T19:21:54.867Z" },
    { url = "https://files.pythonhosted.org/packages/3c/d0/d0da09355642a62c6f89010902f071bedaf148c5d1123fd1bb73732906b4/ruff-0.4.6-py3-none-musllinux_1_2_i686.whl", hash = "sha256:4f02284335c766678778475e7698b7ab83abaf2f9ff0554a07b6f28df3b5c259", size = 8368657, upload-time = "2024-05-28T19:21:58.739Z" },
    { url = "https://files.pythonhosted.org/packages/c2/21/615346327ee6326e9df734b14434bc3415f0fdc02c90b8a4c9cef6b9f805/ruff-0.4.6-py3-none-musllinux_1_2_x86_64.whl", hash = "sha256:3a6a0a4f4b5f54fff7c860010ab3dd81425445e37d35701a965c0248819dde7a", size = 8853705, upload-time = "2024-05-28T19:22:02.509Z" },
    { url = "https://files.pythonhosted.org/packages/0f/bc/73bbd5202c3f2f4de3ee85eec565ec945da437e427bb34cb6604350cde01/ruff-0.4.6-py3-none-win32.whl", hash = "sha256:9018bf59b3aa8ad4fba2b1dc0299a6e4e60a4c3bc62bbeaea222679865453062", size = 7761518, upload-time = "2024-05-28T19:22:05.867Z" },
    { url = "https://files.pythonhosted.org/packages/01/0e/d59f5d5c881a20e7f3f3c3459ded0ee798d17b34cd6fa841daba3310471d/ruff-0.4.6-py3-none-win_amd64.whl", hash = "sha256:a769ae07ac74ff1a019d6bd529426427c3e30d75bdf1e08bb3d46ac8f417326a", size = 8546208, upload-time = "2024-05-28T19:22:09.412Z" },
    { url = "https://files.pythonhosted.org/packages/04/0d/09d9183bc2a7dca4819b1d7cd42bcd44499ded07e0c0076261fb20683167/ruff-0.4.6-py3-none-win_arm64.whl", hash = "sha256:735a16407a1a8f58e4c5b913ad6102722e80b562dd17acb88887685ff6f20cf6", size = 7934044, upload-time = "2024-05-28T19:22:15.187Z" },
]

[[package]]
name = "setuptools"
version = "70.0.0"
source = { registry = "https://pypi.org/simple" }
sdist = { url = "https://files.pythonhosted.org/packages/aa/60/5db2249526c9b453c5bb8b9f6965fcab0ddb7f40ad734420b3b421f7da44/setuptools-70.0.0.tar.gz", hash = "sha256:f211a66637b8fa059bb28183da127d4e86396c991a942b028c6650d4319c3fd0", size = 2265182, upload-time = "2024-05-21T10:28:18.891Z" }
wheels = [
    { url = "https://files.pythonhosted.org/packages/de/88/70c5767a0e43eb4451c2200f07d042a4bcd7639276003a9c54a68cfcc1f8/setuptools-70.0.0-py3-none-any.whl", hash = "sha256:54faa7f2e8d2d11bcd2c07bed282eef1046b5c080d1c32add737d7b5817b1ad4", size = 863432, upload-time = "2024-05-21T10:28:12.781Z" },
]

[[package]]
name = "sniffio"
version = "1.3.1"
source = { registry = "https://pypi.org/simple" }
sdist = { url = "https://files.pythonhosted.org/packages/a2/87/a6771e1546d97e7e041b6ae58d80074f81b7d5121207425c964ddf5cfdbd/sniffio-1.3.1.tar.gz", hash = "sha256:f4324edc670a0f49750a81b895f35c3adb843cca46f0530f79fc1babb23789dc", size = 20372, upload-time = "2024-02-25T23:20:04.057Z" }
wheels = [
    { url = "https://files.pythonhosted.org/packages/e9/44/75a9c9421471a6c4805dbf2356f7c181a29c1879239abab1ea2cc8f38b40/sniffio-1.3.1-py3-none-any.whl", hash = "sha256:2f6da418d1f1e0fddd844478f41680e794e6051915791a034ff65e5f100525a2", size = 10235, upload-time = "2024-02-25T23:20:01.196Z" },
]

[[package]]
name = "sqlalchemy"
version = "2.0.30"
source = { registry = "https://pypi.org/simple" }
dependencies = [
    { name = "greenlet", marker = "platform_machine == 'AMD64' or platform_machine == 'WIN32' or platform_machine == 'aarch64' or platform_machine == 'amd64' or platform_machine == 'ppc64le' or platform_machine == 'win32' or platform_machine == 'x86_64'" },
    { name = "typing-extensions" },
]
sdist = { url = "https://files.pythonhosted.org/packages/36/d0/0137ebcf0dc230c2e82a621b3af755b8788a2a9dd6fd1b8cd6d5e7f6b00d/SQLAlchemy-2.0.30.tar.gz", hash = "sha256:2b1708916730f4830bc69d6f49d37f7698b5bd7530aca7f04f785f8849e95255", size = 9579500, upload-time = "2024-05-05T17:56:40.726Z" }
wheels = [
    { url = "https://files.pythonhosted.org/packages/cd/ae/062f6ebd474aef81a199a16d2b1fb521d5fb0bc38a470181b0bcbfe3eb11/SQLAlchemy-2.0.30-cp311-cp311-macosx_10_9_x86_64.whl", hash = "sha256:955991a09f0992c68a499791a753523f50f71a6885531568404fa0f231832aa0", size = 2083475, upload-time = "2024-05-05T20:43:37.003Z" },
    { url = "https://files.pythonhosted.org/packages/29/51/3baab95d7eea9816c59c8e093201288ce27651704927e03ccfe156b30792/SQLAlchemy-2.0.30-cp311-cp311-macosx_11_0_arm64.whl", hash = "sha256:f69e4c756ee2686767eb80f94c0125c8b0a0b87ede03eacc5c8ae3b54b99dc46", size = 2073865, upload-time = "2024-05-05T20:43:41.061Z" },
    { url = "https://files.pythonhosted.org/packages/63/e1/9177748d4482d04ee67242b8cf441e18f7031b2d7e893b0894297f9e91f7/SQLAlchemy-2.0.30-cp311-cp311-manylinux_2_17_aarch64.manylinux2014_aarch64.whl", hash = "sha256:69c9db1ce00e59e8dd09d7bae852a9add716efdc070a3e2068377e6ff0d6fdaa", size = 3192301, upload-time = "2024-05-05T19:58:47.995Z" },
    { url = "https://files.pythonhosted.org/packages/4d/21/87bcad723070f7cd5f9d45fb05557596aa1d23d19eef078b13edc9e31813/SQLAlchemy-2.0.30-cp311-cp311-manylinux_2_17_x86_64.manylinux2014_x86_64.whl", hash = "sha256:a1429a4b0f709f19ff3b0cf13675b2b9bfa8a7e79990003207a011c0db880a13", size = 3192184, upload-time = "2024-05-05T18:25:40.896Z" },
    { url = "https://files.pythonhosted.org/packages/93/3a/5328fd0c2bcd5572b23b14e3ca78d0abc8ad126e70b282b9e6f9fb00af6b/SQLAlchemy-2.0.30-cp311-cp311-musllinux_1_1_aarch64.whl", hash = "sha256:efedba7e13aa9a6c8407c48facfdfa108a5a4128e35f4c68f20c3407e4376aa9", size = 3197671, upload-time = "2024-05-05T19:58:51.917Z" },
    { url = "https://files.pythonhosted.org/packages/3e/39/b8a8633fb6f64dc4d4eef08d5d8b303d349eb14517c7cb602e1f03dc71a8/SQLAlchemy-2.0.30-cp311-cp311-musllinux_1_1_x86_64.whl", hash = "sha256:16863e2b132b761891d6c49f0a0f70030e0bcac4fd208117f6b7e053e68668d0", size = 3192278, upload-time = "2024-05-05T18:25:44.957Z" },
    { url = "https://files.pythonhosted.org/packages/01/d5/c9661baf0ad062375049ad0081b3343c4bd0e95e98e58ea6763f0dbbfc41/SQLAlchemy-2.0.30-cp311-cp311-win32.whl", hash = "sha256:2ecabd9ccaa6e914e3dbb2aa46b76dede7eadc8cbf1b8083c94d936bcd5ffb49", size = 2052074, upload-time = "2024-05-05T18:30:36.276Z" },
    { url = "https://files.pythonhosted.org/packages/74/9a/eec023807ae78e83342567303916b34a348d9d40703e7cef5dfb1e3635b6/SQLAlchemy-2.0.30-cp311-cp311-win_amd64.whl", hash = "sha256:0b3f4c438e37d22b83e640f825ef0f37b95db9aa2d68203f2c9549375d0b2260", size = 2078188, upload-time = "2024-05-05T18:30:40.322Z" },
    { url = "https://files.pythonhosted.org/packages/2d/7d/00282d131c31108ef6ae666888fbe7797f97f2b55d43c1d088cd3bab2e54/SQLAlchemy-2.0.30-cp312-cp312-macosx_10_9_x86_64.whl", hash = "sha256:5a79d65395ac5e6b0c2890935bad892eabb911c4aa8e8015067ddb37eea3d56c", size = 2081993, upload-time = "2024-05-05T20:43:44.162Z" },
    { url = "https://files.pythonhosted.org/packages/f9/ab/d37a4483768accbc9cd433cc5d6c45fb428840164b9df0328131011ce27c/SQLAlchemy-2.0.30-cp312-cp312-macosx_11_0_arm64.whl", hash = "sha256:9a5baf9267b752390252889f0c802ea13b52dfee5e369527da229189b8bd592e", size = 2072478, upload-time = "2024-05-05T20:43:47.084Z" },
    { url = "https://files.pythonhosted.org/packages/5f/92/db44ea3953e1f3b81a9c2a2852aa7542839da3300e50ee5615a67c3932b0/SQLAlchemy-2.0.30-cp312-cp312-manylinux_2_17_aarch64.manylinux2014_aarch64.whl", hash = "sha256:3cb5a646930c5123f8461f6468901573f334c2c63c795b9af350063a736d0134", size = 3226887, upload-time = "2024-05-05T19:58:54.716Z" },
    { url = "https://files.pythonhosted.org/packages/51/b8/3fd88455562518b6e8b97c4bc5784a819bd0a5c26be2a3409d3245626fac/SQLAlchemy-2.0.30-cp312-cp312-manylinux_2_17_x86_64.manylinux2014_x86_64.whl", hash = "sha256:296230899df0b77dec4eb799bcea6fbe39a43707ce7bb166519c97b583cfcab3", size = 3237515, upload-time = "2024-05-05T18:25:48.14Z" },
    { url = "https://files.pythonhosted.org/packages/50/65/b85460a54d7e379ad92bb0fa816caf53d5cf45924b738c6b57791a03f639/SQLAlchemy-2.0.30-cp312-cp312-musllinux_1_1_aarch64.whl", hash = "sha256:c62d401223f468eb4da32627bffc0c78ed516b03bb8a34a58be54d618b74d472", size = 3230993, upload-time = "2024-05-05T19:58:57.303Z" },
    { url = "https://files.pythonhosted.org/packages/48/5e/620fa87990aa04308523e2bfaf61ce20ddc0a1082c9f3e548d0d26ab0033/SQLAlchemy-2.0.30-cp312-cp312-musllinux_1_1_x86_64.whl", hash = "sha256:3b69e934f0f2b677ec111b4d83f92dc1a3210a779f69bf905273192cf4ed433e", size = 3236918, upload-time = "2024-05-05T18:25:50.925Z" },
    { url = "https://files.pythonhosted.org/packages/ae/72/7c2166f6182bcf3b35228878ec323771df60774bf0b63019afe3a0fc97b4/SQLAlchemy-2.0.30-cp312-cp312-win32.whl", hash = "sha256:77d2edb1f54aff37e3318f611637171e8ec71472f1fdc7348b41dcb226f93d90", size = 2050758, upload-time = "2024-05-05T18:30:42.462Z" },
    { url = "https://files.pythonhosted.org/packages/dc/01/bff536f96ea323a7d80df128a7bc947e3c25a60383425bf491232112c30d/SQLAlchemy-2.0.30-cp312-cp312-win_amd64.whl", hash = "sha256:b6c7ec2b1f4969fc19b65b7059ed00497e25f54069407a8701091beb69e591a5", size = 2076248, upload-time = "2024-05-05T18:30:45.845Z" },
    { url = "https://files.pythonhosted.org/packages/de/80/13fc9c003dffc169e03244e0ce23495ff54bbd77ba1245ef01c9a5c04a4c/SQLAlchemy-2.0.30-py3-none-any.whl", hash = "sha256:7108d569d3990c71e26a42f60474b4c02c8586c4681af5fd67e51a044fdea86a", size = 1873477, upload-time = "2024-05-05T18:16:18.34Z" },
]

[[package]]
name = "typing-extensions"
version = "4.12.0"
source = { registry = "https://pypi.org/simple" }
sdist = { url = "https://files.pythonhosted.org/packages/ce/6a/aa0a40b0889ec2eb81a02ee0daa6a34c6697a605cf62e6e857eead9e4f85/typing_extensions-4.12.0.tar.gz", hash = "sha256:8cbcdc8606ebcb0d95453ad7dc5065e6237b6aa230a31e81d0f440c30fed5fd8", size = 84291, upload-time = "2024-05-24T00:26:45.576Z" }
wheels = [
    { url = "https://files.pythonhosted.org/packages/e1/4d/d612de852a0bc64a64418e1cef25fe1914c5b1611e34cc271ed7e36174c8/typing_extensions-4.12.0-py3-none-any.whl", hash = "sha256:b349c66bea9016ac22978d800cfff206d5f9816951f12a7d0ec5578b0a819594", size = 37104, upload-time = "2024-05-24T00:26:43.549Z" },
]

[[package]]
name = "virtualenv"
version = "20.26.2"
source = { registry = "https://pypi.org/simple" }
dependencies = [
    { name = "distlib" },
    { name = "filelock" },
    { name = "platformdirs" },
]
sdist = { url = "https://files.pythonhosted.org/packages/44/5a/cabd5846cb550e2871d9532def625d0771f4e38f765c30dc0d101be33697/virtualenv-20.26.2.tar.gz", hash = "sha256:82bf0f4eebbb78d36ddaee0283d43fe5736b53880b8a8cdcd37390a07ac3741c", size = 7290363, upload-time = "2024-05-13T20:40:09.856Z" }
wheels = [
    { url = "https://files.pythonhosted.org/packages/0a/02/085eee8570e807db9a1aa905e18c9123efec753ae9021b029115c6e0bb28/virtualenv-20.26.2-py3-none-any.whl", hash = "sha256:a624db5e94f01ad993d476b9ee5346fdf7b9de43ccaee0e0197012dc838a0e9b", size = 3917916, upload-time = "2024-05-13T20:40:04.994Z" },
]

[[package]]
name = "win32-setctime"
version = "1.1.0"
source = { registry = "https://pypi.org/simple" }
sdist = { url = "https://files.pythonhosted.org/packages/6b/dd/f95a13d2b235a28d613ba23ebad55191514550debb968b46aab99f2e3a30/win32_setctime-1.1.0.tar.gz", hash = "sha256:15cf5750465118d6929ae4de4eb46e8edae9a5634350c01ba582df868e932cb2", size = 3676, upload-time = "2022-01-22T17:51:53.602Z" }
wheels = [
    { url = "https://files.pythonhosted.org/packages/0a/e6/a7d828fef907843b2a5773ebff47fb79ac0c1c88d60c0ca9530ee941e248/win32_setctime-1.1.0-py3-none-any.whl", hash = "sha256:231db239e959c2fe7eb1d7dc129f11172354f98361c4fa2d6d2d7e278baa8aad", size = 3604, upload-time = "2022-01-22T17:51:51.975Z" },
]
